// !$*UTF8*$!
{
	archiveVersion = 1;
	classes = {
	};
	objectVersion = 51;
	objects = {

/* Begin PBXBuildFile section */
		6E24EF9F2418B9F400EE77D4 /* BicsTableViewCell.swift in Sources */ = {isa = PBXBuildFile; fileRef = 6E24EF9E2418B9F400EE77D4 /* BicsTableViewCell.swift */; };
		6E24EFA524194B2100EE77D4 /* SearchController.swift in Sources */ = {isa = PBXBuildFile; fileRef = 6E24EFA424194B2100EE77D4 /* SearchController.swift */; };
		6E3B56272486718300167BA7 /* MainSnapShotTests.swift in Sources */ = {isa = PBXBuildFile; fileRef = 6E3B56262486718300167BA7 /* MainSnapShotTests.swift */; };
		6E3B56292486723B00167BA7 /* MockEmptyService.swift in Sources */ = {isa = PBXBuildFile; fileRef = 6E3B56282486723B00167BA7 /* MockEmptyService.swift */; };
		6E3B562D2486746E00167BA7 /* SnapShotTestsConfiguration.swift in Sources */ = {isa = PBXBuildFile; fileRef = 6E3B562C2486746E00167BA7 /* SnapShotTestsConfiguration.swift */; };
		6E3B562E248675DB00167BA7 /* ValidationSnapShotTests.swift in Sources */ = {isa = PBXBuildFile; fileRef = 6E3B562B2486742600167BA7 /* ValidationSnapShotTests.swift */; };
		6E3B563224867CBC00167BA7 /* SearchSnapShotTests.swift in Sources */ = {isa = PBXBuildFile; fileRef = 6E3B563124867C4500167BA7 /* SearchSnapShotTests.swift */; };
		6E5912472416B80C00F8B87C /* AppDelegate.swift in Sources */ = {isa = PBXBuildFile; fileRef = 6E5912462416B80C00F8B87C /* AppDelegate.swift */; };
		6E59124E2416B80F00F8B87C /* Assets.xcassets in Resources */ = {isa = PBXBuildFile; fileRef = 6E59124D2416B80F00F8B87C /* Assets.xcassets */; };
		6E5912512416B80F00F8B87C /* LaunchScreen.storyboard in Resources */ = {isa = PBXBuildFile; fileRef = 6E59124F2416B80F00F8B87C /* LaunchScreen.storyboard */; };
		6E59127F2416BC2500F8B87C /* NetworkConfigurationConstants.swift in Sources */ = {isa = PBXBuildFile; fileRef = 6E59127E2416BC2500F8B87C /* NetworkConfigurationConstants.swift */; };
		6E6CCC87248048C6000F9B56 /* SearchBicModel.swift in Sources */ = {isa = PBXBuildFile; fileRef = 6E6CCC86248048C6000F9B56 /* SearchBicModel.swift */; };
		6E6CCC8924804AB4000F9B56 /* ValidationModel.swift in Sources */ = {isa = PBXBuildFile; fileRef = 6E6CCC8824804AB4000F9B56 /* ValidationModel.swift */; };
		6E6CCC8B24804B06000F9B56 /* ValidationDataModel.swift in Sources */ = {isa = PBXBuildFile; fileRef = 6E6CCC8A24804B06000F9B56 /* ValidationDataModel.swift */; };
		6E6CCC8F24804BE6000F9B56 /* ValidateAction.swift in Sources */ = {isa = PBXBuildFile; fileRef = 6E6CCC8E24804BE6000F9B56 /* ValidateAction.swift */; };
		6E6F43D12485236D00949390 /* ValidationTests.swift in Sources */ = {isa = PBXBuildFile; fileRef = 6E6F43D02485236D00949390 /* ValidationTests.swift */; };
		6E6F43D4248528F500949390 /* SearchTests.swift in Sources */ = {isa = PBXBuildFile; fileRef = 6E6F43D3248528F500949390 /* SearchTests.swift */; };
		6E6F43D724854BF800949390 /* MockBicService.swift in Sources */ = {isa = PBXBuildFile; fileRef = 6E6F43D624854BF800949390 /* MockBicService.swift */; };
		6E6F43DC24858C8300949390 /* Bics.geojson in Resources */ = {isa = PBXBuildFile; fileRef = 6E6F43D92485850000949390 /* Bics.geojson */; };
		6E6F43E42485955200949390 /* MockValidationService.swift in Sources */ = {isa = PBXBuildFile; fileRef = 6E6F43E22485940500949390 /* MockValidationService.swift */; };
		6E6F43E52485955700949390 /* validation.geojson in Resources */ = {isa = PBXBuildFile; fileRef = 6E6F43E32485943900949390 /* validation.geojson */; };
		6E7CF790248428D200A34198 /* BaseViewController.swift in Sources */ = {isa = PBXBuildFile; fileRef = 6E7CF78F248428D200A34198 /* BaseViewController.swift */; };
		6E7CF7932484292000A34198 /* Reachability.swift in Sources */ = {isa = PBXBuildFile; fileRef = 6E7CF7922484292000A34198 /* Reachability.swift */; };
		6E9382C4244327C800E5FAA4 /* SearchNavigationDelegate.swift in Sources */ = {isa = PBXBuildFile; fileRef = 6E9382C3244327C800E5FAA4 /* SearchNavigationDelegate.swift */; };
		6E96AEA12482E7FB00A0F263 /* .swiftlint.yml in Resources */ = {isa = PBXBuildFile; fileRef = 6E96AEA02482E7FB00A0F263 /* .swiftlint.yml */; };
		6E96AEA32482E99B00A0F263 /* ValidationMessageView.swift in Sources */ = {isa = PBXBuildFile; fileRef = 6E96AEA22482E99B00A0F263 /* ValidationMessageView.swift */; };
		6E96AEA5248301C800A0F263 /* DoubleFieldValidationView.swift in Sources */ = {isa = PBXBuildFile; fileRef = 6E96AEA4248301C800A0F263 /* DoubleFieldValidationView.swift */; };
		6E96AEA72483078700A0F263 /* DoubleFieldModel.swift in Sources */ = {isa = PBXBuildFile; fileRef = 6E96AEA62483078700A0F263 /* DoubleFieldModel.swift */; };
		6E97490D2484E29000F53CAD /* AlertPresentable+Extension.swift in Sources */ = {isa = PBXBuildFile; fileRef = 6E97490C2484E29000F53CAD /* AlertPresentable+Extension.swift */; };
		6E9749102484E79200F53CAD /* ValidationStatus.swift in Sources */ = {isa = PBXBuildFile; fileRef = 6E97490F2484E79200F53CAD /* ValidationStatus.swift */; };
		6E9749122484E7B500F53CAD /* String+Extension.swift in Sources */ = {isa = PBXBuildFile; fileRef = 6E9749112484E7B500F53CAD /* String+Extension.swift */; };
		6E9749182484EE1800F53CAD /* MainTests.swift in Sources */ = {isa = PBXBuildFile; fileRef = 6E9749172484EE1800F53CAD /* MainTests.swift */; };
		6E9CC1D9247ECF6300CE3C79 /* FilterModel.swift in Sources */ = {isa = PBXBuildFile; fileRef = 6E9CC1D8247ECF6300CE3C79 /* FilterModel.swift */; };
		6E9CC1DB247ECFB300CE3C79 /* RoundedTextField.swift in Sources */ = {isa = PBXBuildFile; fileRef = 6E9CC1DA247ECFB300CE3C79 /* RoundedTextField.swift */; };
		6E9CC1DD247ECFE700CE3C79 /* SearchFieldView.swift in Sources */ = {isa = PBXBuildFile; fileRef = 6E9CC1DC247ECFE700CE3C79 /* SearchFieldView.swift */; };
		6E9CC1DF247ED00300CE3C79 /* LeftAlignTextLabel.swift in Sources */ = {isa = PBXBuildFile; fileRef = 6E9CC1DE247ED00300CE3C79 /* LeftAlignTextLabel.swift */; };
		6E9CC1E1247ED5B700CE3C79 /* ValidationController.swift in Sources */ = {isa = PBXBuildFile; fileRef = 6E9CC1E0247ED5B700CE3C79 /* ValidationController.swift */; };
		6E9CC1E3247ED6F700CE3C79 /* ValidationViewModel.swift in Sources */ = {isa = PBXBuildFile; fileRef = 6E9CC1E2247ED6F700CE3C79 /* ValidationViewModel.swift */; };
		6E9CC1E5247ED77B00CE3C79 /* ValidationCoordinator.swift in Sources */ = {isa = PBXBuildFile; fileRef = 6E9CC1E4247ED77B00CE3C79 /* ValidationCoordinator.swift */; };
		6E9CC1E7247ED83700CE3C79 /* ValidationNavigationDelegate.swift in Sources */ = {isa = PBXBuildFile; fileRef = 6E9CC1E6247ED83700CE3C79 /* ValidationNavigationDelegate.swift */; };
		6E9CC1E9247EE0A400CE3C79 /* SingleFieldValidationView.swift in Sources */ = {isa = PBXBuildFile; fileRef = 6E9CC1E8247EE0A400CE3C79 /* SingleFieldValidationView.swift */; };
		6EC090732429F9A7007D6C62 /* SearchViewModel.swift in Sources */ = {isa = PBXBuildFile; fileRef = 6EC090722429F9A7007D6C62 /* SearchViewModel.swift */; };
		6EC09075242A08AD007D6C62 /* SearchCoordinator.swift in Sources */ = {isa = PBXBuildFile; fileRef = 6EC09074242A08AD007D6C62 /* SearchCoordinator.swift */; };
		6EEC1F16241760D30096C482 /* Utility.swift in Sources */ = {isa = PBXBuildFile; fileRef = 6EEC1F15241760D30096C482 /* Utility.swift */; };
		6EEC1F18241761160096C482 /* SAError.swift in Sources */ = {isa = PBXBuildFile; fileRef = 6EEC1F17241761160096C482 /* SAError.swift */; };
		6EEC1F1D241761F70096C482 /* SingleItemResource.swift in Sources */ = {isa = PBXBuildFile; fileRef = 6EEC1F1C241761F70096C482 /* SingleItemResource.swift */; };
		6EEC1F1F2417621F0096C482 /* APIAction.swift in Sources */ = {isa = PBXBuildFile; fileRef = 6EEC1F1E2417621F0096C482 /* APIAction.swift */; };
		6EEC1F212417624F0096C482 /* ArrayResource.swift in Sources */ = {isa = PBXBuildFile; fileRef = 6EEC1F202417624F0096C482 /* ArrayResource.swift */; };
		6EEC1F232417638A0096C482 /* BasicNetworkService.swift in Sources */ = {isa = PBXBuildFile; fileRef = 6EEC1F222417638A0096C482 /* BasicNetworkService.swift */; };
		6EEC1F25241763C10096C482 /* NetworkService.swift in Sources */ = {isa = PBXBuildFile; fileRef = 6EEC1F24241763C10096C482 /* NetworkService.swift */; };
		6EEC1F27241766C30096C482 /* Coordinator.swift in Sources */ = {isa = PBXBuildFile; fileRef = 6EEC1F26241766C30096C482 /* Coordinator.swift */; };
		6EEC1F29241766EE0096C482 /* MainCoordinator.swift in Sources */ = {isa = PBXBuildFile; fileRef = 6EEC1F28241766EE0096C482 /* MainCoordinator.swift */; };
		6EEC1F2B2417673A0096C482 /* MainController.swift in Sources */ = {isa = PBXBuildFile; fileRef = 6EEC1F2A2417673A0096C482 /* MainController.swift */; };
		6EEC1F2D241767C40096C482 /* MainViewModel.swift in Sources */ = {isa = PBXBuildFile; fileRef = 6EEC1F2C241767C40096C482 /* MainViewModel.swift */; };
		6EEC1F2F241768550096C482 /* NavigationDelegate.swift in Sources */ = {isa = PBXBuildFile; fileRef = 6EEC1F2E241768550096C482 /* NavigationDelegate.swift */; };
		6EEC1F312417ACFA0096C482 /* BaseModel.swift in Sources */ = {isa = PBXBuildFile; fileRef = 6EEC1F302417ACFA0096C482 /* BaseModel.swift */; };
		6EEC1F332417AF2F0096C482 /* BicDataModel.swift in Sources */ = {isa = PBXBuildFile; fileRef = 6EEC1F322417AF2F0096C482 /* BicDataModel.swift */; };
		6EEC1F352417AF550096C482 /* BicModel.swift in Sources */ = {isa = PBXBuildFile; fileRef = 6EEC1F342417AF550096C482 /* BicModel.swift */; };
		6EEC1F372417B1690096C482 /* SearchBicAction.swift in Sources */ = {isa = PBXBuildFile; fileRef = 6EEC1F362417B1690096C482 /* SearchBicAction.swift */; };
		F8E06908C7D440C7EC564F5D /* Pods_TheBankApp.framework in Frameworks */ = {isa = PBXBuildFile; fileRef = 4FE9055471984238BF285E59 /* Pods_TheBankApp.framework */; };
		FE4328B8A772C6EBA8CB912C /* Pods_TheBankAppTests.framework in Frameworks */ = {isa = PBXBuildFile; fileRef = 1F7FD0D5139E1EAE97D41576 /* Pods_TheBankAppTests.framework */; };
/* End PBXBuildFile section */

/* Begin PBXContainerItemProxy section */
		6E5912582416B80F00F8B87C /* PBXContainerItemProxy */ = {
			isa = PBXContainerItemProxy;
			containerPortal = 6E59123B2416B80C00F8B87C /* Project object */;
			proxyType = 1;
			remoteGlobalIDString = 6E5912422416B80C00F8B87C;
			remoteInfo = "Alzura-CodeTask";
		};
/* End PBXContainerItemProxy section */

/* Begin PBXFileReference section */
		1F7FD0D5139E1EAE97D41576 /* Pods_TheBankAppTests.framework */ = {isa = PBXFileReference; explicitFileType = wrapper.framework; includeInIndex = 0; path = Pods_TheBankAppTests.framework; sourceTree = BUILT_PRODUCTS_DIR; };
		4FE9055471984238BF285E59 /* Pods_TheBankApp.framework */ = {isa = PBXFileReference; explicitFileType = wrapper.framework; includeInIndex = 0; path = Pods_TheBankApp.framework; sourceTree = BUILT_PRODUCTS_DIR; };
		5114A59F7359EA2B1CC35C48 /* Pods-TheBankApp.debug.xcconfig */ = {isa = PBXFileReference; includeInIndex = 1; lastKnownFileType = text.xcconfig; name = "Pods-TheBankApp.debug.xcconfig"; path = "Target Support Files/Pods-TheBankApp/Pods-TheBankApp.debug.xcconfig"; sourceTree = "<group>"; };
		6E24EF9E2418B9F400EE77D4 /* BicsTableViewCell.swift */ = {isa = PBXFileReference; lastKnownFileType = sourcecode.swift; path = BicsTableViewCell.swift; sourceTree = "<group>"; };
		6E24EFA424194B2100EE77D4 /* SearchController.swift */ = {isa = PBXFileReference; lastKnownFileType = sourcecode.swift; path = SearchController.swift; sourceTree = "<group>"; };
		6E3B56262486718300167BA7 /* MainSnapShotTests.swift */ = {isa = PBXFileReference; fileEncoding = 4; lastKnownFileType = sourcecode.swift; path = MainSnapShotTests.swift; sourceTree = "<group>"; };
		6E3B56282486723B00167BA7 /* MockEmptyService.swift */ = {isa = PBXFileReference; lastKnownFileType = sourcecode.swift; path = MockEmptyService.swift; sourceTree = "<group>"; };
		6E3B562B2486742600167BA7 /* ValidationSnapShotTests.swift */ = {isa = PBXFileReference; lastKnownFileType = sourcecode.swift; path = ValidationSnapShotTests.swift; sourceTree = "<group>"; };
		6E3B562C2486746E00167BA7 /* SnapShotTestsConfiguration.swift */ = {isa = PBXFileReference; lastKnownFileType = sourcecode.swift; path = SnapShotTestsConfiguration.swift; sourceTree = "<group>"; };
		6E3B563124867C4500167BA7 /* SearchSnapShotTests.swift */ = {isa = PBXFileReference; lastKnownFileType = sourcecode.swift; path = SearchSnapShotTests.swift; sourceTree = "<group>"; };
		6E5912432416B80C00F8B87C /* TheBankApp.app */ = {isa = PBXFileReference; explicitFileType = wrapper.application; includeInIndex = 0; path = TheBankApp.app; sourceTree = BUILT_PRODUCTS_DIR; };
		6E5912462416B80C00F8B87C /* AppDelegate.swift */ = {isa = PBXFileReference; lastKnownFileType = sourcecode.swift; path = AppDelegate.swift; sourceTree = "<group>"; };
		6E59124D2416B80F00F8B87C /* Assets.xcassets */ = {isa = PBXFileReference; lastKnownFileType = folder.assetcatalog; path = Assets.xcassets; sourceTree = "<group>"; };
		6E5912502416B80F00F8B87C /* Base */ = {isa = PBXFileReference; lastKnownFileType = file.storyboard; name = Base; path = Base.lproj/LaunchScreen.storyboard; sourceTree = "<group>"; };
		6E5912522416B80F00F8B87C /* Info.plist */ = {isa = PBXFileReference; lastKnownFileType = text.plist.xml; path = Info.plist; sourceTree = "<group>"; };
		6E5912572416B80F00F8B87C /* TheBankAppTests.xctest */ = {isa = PBXFileReference; explicitFileType = wrapper.cfbundle; includeInIndex = 0; path = TheBankAppTests.xctest; sourceTree = BUILT_PRODUCTS_DIR; };
		6E59125D2416B80F00F8B87C /* Info.plist */ = {isa = PBXFileReference; lastKnownFileType = text.plist.xml; path = Info.plist; sourceTree = "<group>"; };
		6E59127E2416BC2500F8B87C /* NetworkConfigurationConstants.swift */ = {isa = PBXFileReference; lastKnownFileType = sourcecode.swift; path = NetworkConfigurationConstants.swift; sourceTree = "<group>"; };
		6E6CCC86248048C6000F9B56 /* SearchBicModel.swift */ = {isa = PBXFileReference; lastKnownFileType = sourcecode.swift; path = SearchBicModel.swift; sourceTree = "<group>"; };
		6E6CCC8824804AB4000F9B56 /* ValidationModel.swift */ = {isa = PBXFileReference; lastKnownFileType = sourcecode.swift; path = ValidationModel.swift; sourceTree = "<group>"; };
		6E6CCC8A24804B06000F9B56 /* ValidationDataModel.swift */ = {isa = PBXFileReference; lastKnownFileType = sourcecode.swift; path = ValidationDataModel.swift; sourceTree = "<group>"; };
		6E6CCC8E24804BE6000F9B56 /* ValidateAction.swift */ = {isa = PBXFileReference; lastKnownFileType = sourcecode.swift; path = ValidateAction.swift; sourceTree = "<group>"; };
		6E6F43D02485236D00949390 /* ValidationTests.swift */ = {isa = PBXFileReference; lastKnownFileType = sourcecode.swift; path = ValidationTests.swift; sourceTree = "<group>"; };
		6E6F43D3248528F500949390 /* SearchTests.swift */ = {isa = PBXFileReference; lastKnownFileType = sourcecode.swift; path = SearchTests.swift; sourceTree = "<group>"; };
		6E6F43D624854BF800949390 /* MockBicService.swift */ = {isa = PBXFileReference; lastKnownFileType = sourcecode.swift; path = MockBicService.swift; sourceTree = "<group>"; };
		6E6F43D92485850000949390 /* Bics.geojson */ = {isa = PBXFileReference; lastKnownFileType = text; path = Bics.geojson; sourceTree = "<group>"; };
		6E6F43E22485940500949390 /* MockValidationService.swift */ = {isa = PBXFileReference; lastKnownFileType = sourcecode.swift; path = MockValidationService.swift; sourceTree = "<group>"; };
		6E6F43E32485943900949390 /* validation.geojson */ = {isa = PBXFileReference; lastKnownFileType = text; path = validation.geojson; sourceTree = "<group>"; };
		6E7CF78F248428D200A34198 /* BaseViewController.swift */ = {isa = PBXFileReference; lastKnownFileType = sourcecode.swift; path = BaseViewController.swift; sourceTree = "<group>"; };
		6E7CF7922484292000A34198 /* Reachability.swift */ = {isa = PBXFileReference; fileEncoding = 4; lastKnownFileType = sourcecode.swift; path = Reachability.swift; sourceTree = "<group>"; };
		6E9382C3244327C800E5FAA4 /* SearchNavigationDelegate.swift */ = {isa = PBXFileReference; lastKnownFileType = sourcecode.swift; path = SearchNavigationDelegate.swift; sourceTree = "<group>"; };
		6E96AEA02482E7FB00A0F263 /* .swiftlint.yml */ = {isa = PBXFileReference; fileEncoding = 4; lastKnownFileType = text.yaml; path = .swiftlint.yml; sourceTree = "<group>"; };
		6E96AEA22482E99B00A0F263 /* ValidationMessageView.swift */ = {isa = PBXFileReference; lastKnownFileType = sourcecode.swift; path = ValidationMessageView.swift; sourceTree = "<group>"; };
		6E96AEA4248301C800A0F263 /* DoubleFieldValidationView.swift */ = {isa = PBXFileReference; lastKnownFileType = sourcecode.swift; path = DoubleFieldValidationView.swift; sourceTree = "<group>"; };
		6E96AEA62483078700A0F263 /* DoubleFieldModel.swift */ = {isa = PBXFileReference; lastKnownFileType = sourcecode.swift; path = DoubleFieldModel.swift; sourceTree = "<group>"; };
		6E97490C2484E29000F53CAD /* AlertPresentable+Extension.swift */ = {isa = PBXFileReference; fileEncoding = 4; lastKnownFileType = sourcecode.swift; path = "AlertPresentable+Extension.swift"; sourceTree = "<group>"; };
		6E97490F2484E79200F53CAD /* ValidationStatus.swift */ = {isa = PBXFileReference; lastKnownFileType = sourcecode.swift; path = ValidationStatus.swift; sourceTree = "<group>"; };
		6E9749112484E7B500F53CAD /* String+Extension.swift */ = {isa = PBXFileReference; lastKnownFileType = sourcecode.swift; path = "String+Extension.swift"; sourceTree = "<group>"; };
		6E9749172484EE1800F53CAD /* MainTests.swift */ = {isa = PBXFileReference; lastKnownFileType = sourcecode.swift; path = MainTests.swift; sourceTree = "<group>"; };
		6E9CC1D8247ECF6300CE3C79 /* FilterModel.swift */ = {isa = PBXFileReference; lastKnownFileType = sourcecode.swift; path = FilterModel.swift; sourceTree = "<group>"; };
		6E9CC1DA247ECFB300CE3C79 /* RoundedTextField.swift */ = {isa = PBXFileReference; lastKnownFileType = sourcecode.swift; path = RoundedTextField.swift; sourceTree = "<group>"; };
		6E9CC1DC247ECFE700CE3C79 /* SearchFieldView.swift */ = {isa = PBXFileReference; lastKnownFileType = sourcecode.swift; path = SearchFieldView.swift; sourceTree = "<group>"; };
		6E9CC1DE247ED00300CE3C79 /* LeftAlignTextLabel.swift */ = {isa = PBXFileReference; lastKnownFileType = sourcecode.swift; path = LeftAlignTextLabel.swift; sourceTree = "<group>"; };
		6E9CC1E0247ED5B700CE3C79 /* ValidationController.swift */ = {isa = PBXFileReference; lastKnownFileType = sourcecode.swift; path = ValidationController.swift; sourceTree = "<group>"; };
		6E9CC1E2247ED6F700CE3C79 /* ValidationViewModel.swift */ = {isa = PBXFileReference; lastKnownFileType = sourcecode.swift; path = ValidationViewModel.swift; sourceTree = "<group>"; };
		6E9CC1E4247ED77B00CE3C79 /* ValidationCoordinator.swift */ = {isa = PBXFileReference; lastKnownFileType = sourcecode.swift; path = ValidationCoordinator.swift; sourceTree = "<group>"; };
		6E9CC1E6247ED83700CE3C79 /* ValidationNavigationDelegate.swift */ = {isa = PBXFileReference; lastKnownFileType = sourcecode.swift; path = ValidationNavigationDelegate.swift; sourceTree = "<group>"; };
		6E9CC1E8247EE0A400CE3C79 /* SingleFieldValidationView.swift */ = {isa = PBXFileReference; lastKnownFileType = sourcecode.swift; path = SingleFieldValidationView.swift; sourceTree = "<group>"; };
		6EC090722429F9A7007D6C62 /* SearchViewModel.swift */ = {isa = PBXFileReference; lastKnownFileType = sourcecode.swift; path = SearchViewModel.swift; sourceTree = "<group>"; };
		6EC09074242A08AD007D6C62 /* SearchCoordinator.swift */ = {isa = PBXFileReference; lastKnownFileType = sourcecode.swift; path = SearchCoordinator.swift; sourceTree = "<group>"; };
		6EEC1F15241760D30096C482 /* Utility.swift */ = {isa = PBXFileReference; lastKnownFileType = sourcecode.swift; path = Utility.swift; sourceTree = "<group>"; };
		6EEC1F17241761160096C482 /* SAError.swift */ = {isa = PBXFileReference; lastKnownFileType = sourcecode.swift; path = SAError.swift; sourceTree = "<group>"; };
		6EEC1F1C241761F70096C482 /* SingleItemResource.swift */ = {isa = PBXFileReference; lastKnownFileType = sourcecode.swift; path = SingleItemResource.swift; sourceTree = "<group>"; };
		6EEC1F1E2417621F0096C482 /* APIAction.swift */ = {isa = PBXFileReference; lastKnownFileType = sourcecode.swift; path = APIAction.swift; sourceTree = "<group>"; };
		6EEC1F202417624F0096C482 /* ArrayResource.swift */ = {isa = PBXFileReference; lastKnownFileType = sourcecode.swift; path = ArrayResource.swift; sourceTree = "<group>"; };
		6EEC1F222417638A0096C482 /* BasicNetworkService.swift */ = {isa = PBXFileReference; lastKnownFileType = sourcecode.swift; path = BasicNetworkService.swift; sourceTree = "<group>"; };
		6EEC1F24241763C10096C482 /* NetworkService.swift */ = {isa = PBXFileReference; lastKnownFileType = sourcecode.swift; path = NetworkService.swift; sourceTree = "<group>"; };
		6EEC1F26241766C30096C482 /* Coordinator.swift */ = {isa = PBXFileReference; lastKnownFileType = sourcecode.swift; path = Coordinator.swift; sourceTree = "<group>"; };
		6EEC1F28241766EE0096C482 /* MainCoordinator.swift */ = {isa = PBXFileReference; lastKnownFileType = sourcecode.swift; path = MainCoordinator.swift; sourceTree = "<group>"; };
		6EEC1F2A2417673A0096C482 /* MainController.swift */ = {isa = PBXFileReference; lastKnownFileType = sourcecode.swift; path = MainController.swift; sourceTree = "<group>"; };
		6EEC1F2C241767C40096C482 /* MainViewModel.swift */ = {isa = PBXFileReference; lastKnownFileType = sourcecode.swift; path = MainViewModel.swift; sourceTree = "<group>"; };
		6EEC1F2E241768550096C482 /* NavigationDelegate.swift */ = {isa = PBXFileReference; lastKnownFileType = sourcecode.swift; path = NavigationDelegate.swift; sourceTree = "<group>"; };
		6EEC1F302417ACFA0096C482 /* BaseModel.swift */ = {isa = PBXFileReference; lastKnownFileType = sourcecode.swift; path = BaseModel.swift; sourceTree = "<group>"; };
		6EEC1F322417AF2F0096C482 /* BicDataModel.swift */ = {isa = PBXFileReference; lastKnownFileType = sourcecode.swift; path = BicDataModel.swift; sourceTree = "<group>"; };
		6EEC1F342417AF550096C482 /* BicModel.swift */ = {isa = PBXFileReference; lastKnownFileType = sourcecode.swift; path = BicModel.swift; sourceTree = "<group>"; };
		6EEC1F362417B1690096C482 /* SearchBicAction.swift */ = {isa = PBXFileReference; lastKnownFileType = sourcecode.swift; path = SearchBicAction.swift; sourceTree = "<group>"; };
		BA15566ACE9A0BCB9B8B071A /* Pods-TheBankAppTests.release.xcconfig */ = {isa = PBXFileReference; includeInIndex = 1; lastKnownFileType = text.xcconfig; name = "Pods-TheBankAppTests.release.xcconfig"; path = "Target Support Files/Pods-TheBankAppTests/Pods-TheBankAppTests.release.xcconfig"; sourceTree = "<group>"; };
		CC98DE08742E81BBF8984136 /* Pods-TheBankAppTests.debug.xcconfig */ = {isa = PBXFileReference; includeInIndex = 1; lastKnownFileType = text.xcconfig; name = "Pods-TheBankAppTests.debug.xcconfig"; path = "Target Support Files/Pods-TheBankAppTests/Pods-TheBankAppTests.debug.xcconfig"; sourceTree = "<group>"; };
		DED5639211F91A95729E1040 /* Pods_Alzura_CodeTask_Alzura_CodeTaskUITests.framework */ = {isa = PBXFileReference; explicitFileType = wrapper.framework; includeInIndex = 0; path = Pods_Alzura_CodeTask_Alzura_CodeTaskUITests.framework; sourceTree = BUILT_PRODUCTS_DIR; };
		E2A914EC68E235AB08F48863 /* Pods-TheBankApp.release.xcconfig */ = {isa = PBXFileReference; includeInIndex = 1; lastKnownFileType = text.xcconfig; name = "Pods-TheBankApp.release.xcconfig"; path = "Target Support Files/Pods-TheBankApp/Pods-TheBankApp.release.xcconfig"; sourceTree = "<group>"; };
/* End PBXFileReference section */

/* Begin PBXFrameworksBuildPhase section */
		6E5912402416B80C00F8B87C /* Frameworks */ = {
			isa = PBXFrameworksBuildPhase;
			buildActionMask = 2147483647;
			files = (
				F8E06908C7D440C7EC564F5D /* Pods_TheBankApp.framework in Frameworks */,
			);
			runOnlyForDeploymentPostprocessing = 0;
		};
		6E5912542416B80F00F8B87C /* Frameworks */ = {
			isa = PBXFrameworksBuildPhase;
			buildActionMask = 2147483647;
			files = (
				FE4328B8A772C6EBA8CB912C /* Pods_TheBankAppTests.framework in Frameworks */,
			);
			runOnlyForDeploymentPostprocessing = 0;
		};
/* End PBXFrameworksBuildPhase section */

/* Begin PBXGroup section */
		6E24EFA02418D1EE00EE77D4 /* Controlllers */ = {
			isa = PBXGroup;
			children = (
				6EEC1F2C241767C40096C482 /* MainViewModel.swift */,
				6EC090722429F9A7007D6C62 /* SearchViewModel.swift */,
				6E9CC1E2247ED6F700CE3C79 /* ValidationViewModel.swift */,
			);
			path = Controlllers;
			sourceTree = "<group>";
		};
		6E3B56252486712C00167BA7 /* UITests */ = {
			isa = PBXGroup;
			children = (
				6E3B56262486718300167BA7 /* MainSnapShotTests.swift */,
			);
			path = UITests;
			sourceTree = "<group>";
		};
		6E3B562A2486741100167BA7 /* UITests */ = {
			isa = PBXGroup;
			children = (
				6E3B562B2486742600167BA7 /* ValidationSnapShotTests.swift */,
			);
			path = UITests;
			sourceTree = "<group>";
		};
		6E3B562F24867C2F00167BA7 /* UnitTests */ = {
			isa = PBXGroup;
			children = (
				6E6F43D3248528F500949390 /* SearchTests.swift */,
			);
			path = UnitTests;
			sourceTree = "<group>";
		};
		6E3B563024867C3600167BA7 /* UITests */ = {
			isa = PBXGroup;
			children = (
				6E3B563124867C4500167BA7 /* SearchSnapShotTests.swift */,
			);
			path = UITests;
			sourceTree = "<group>";
		};
		6E59123A2416B80C00F8B87C = {
			isa = PBXGroup;
			children = (
				6E96AEA02482E7FB00A0F263 /* .swiftlint.yml */,
				6E5912452416B80C00F8B87C /* TheBankApp */,
				6E59125A2416B80F00F8B87C /* TheBankAppTests */,
				6E5912442416B80C00F8B87C /* Products */,
				A06D5A4D42FA36AEFD2F08C4 /* Pods */,
				F36B369A73CF6B3ABE2E8097 /* Frameworks */,
			);
			sourceTree = "<group>";
		};
		6E5912442416B80C00F8B87C /* Products */ = {
			isa = PBXGroup;
			children = (
				6E5912432416B80C00F8B87C /* TheBankApp.app */,
				6E5912572416B80F00F8B87C /* TheBankAppTests.xctest */,
			);
			name = Products;
			sourceTree = "<group>";
		};
		6E5912452416B80C00F8B87C /* TheBankApp */ = {
			isa = PBXGroup;
			children = (
				6E59127D2416BC0E00F8B87C /* Configuration */,
				6EEC1F122417608C0096C482 /* Network */,
				6EEC1F13241760990096C482 /* Models */,
				6EEC1F0D241760460096C482 /* SupportingModels */,
				6EEC1F0E241760570096C482 /* Protocols */,
				6EEC1F0F241760650096C482 /* Coordinator */,
				6E7CF78C2484289200A34198 /* Common */,
				6EEC1F112417607B0096C482 /* ViewModels */,
				6EEC1F14241760A50096C482 /* Controllers */,
				6E5912462416B80C00F8B87C /* AppDelegate.swift */,
				6E59124D2416B80F00F8B87C /* Assets.xcassets */,
				6E59124F2416B80F00F8B87C /* LaunchScreen.storyboard */,
				6E5912522416B80F00F8B87C /* Info.plist */,
			);
			path = TheBankApp;
			sourceTree = "<group>";
		};
		6E59125A2416B80F00F8B87C /* TheBankAppTests */ = {
			isa = PBXGroup;
			children = (
				6E9749132484E8A800F53CAD /* MainController */,
				6E6F43CE2485234900949390 /* ValidationController */,
				6E6F43D22485277200949390 /* SearchController */,
				6E59125D2416B80F00F8B87C /* Info.plist */,
			);
			path = TheBankAppTests;
			sourceTree = "<group>";
		};
		6E59127D2416BC0E00F8B87C /* Configuration */ = {
			isa = PBXGroup;
			children = (
				6E59127E2416BC2500F8B87C /* NetworkConfigurationConstants.swift */,
				6E3B562C2486746E00167BA7 /* SnapShotTestsConfiguration.swift */,
			);
			path = Configuration;
			sourceTree = "<group>";
		};
		6E6F43CE2485234900949390 /* ValidationController */ = {
			isa = PBXGroup;
			children = (
				6E6F43CF2485235100949390 /* UnitTests */,
				6E3B562A2486741100167BA7 /* UITests */,
				6E6F43DE248593B700949390 /* Mocks */,
			);
			path = ValidationController;
			sourceTree = "<group>";
		};
		6E6F43CF2485235100949390 /* UnitTests */ = {
			isa = PBXGroup;
			children = (
				6E6F43D02485236D00949390 /* ValidationTests.swift */,
			);
			path = UnitTests;
			sourceTree = "<group>";
		};
		6E6F43D22485277200949390 /* SearchController */ = {
			isa = PBXGroup;
			children = (
				6E3B562F24867C2F00167BA7 /* UnitTests */,
				6E3B563024867C3600167BA7 /* UITests */,
			);
			path = SearchController;
			sourceTree = "<group>";
		};
		6E6F43D8248584E000949390 /* MockData */ = {
			isa = PBXGroup;
			children = (
				6E6F43D92485850000949390 /* Bics.geojson */,
			);
			path = MockData;
			sourceTree = "<group>";
		};
		6E6F43DD248593A200949390 /* MockService */ = {
			isa = PBXGroup;
			children = (
				6E3B56282486723B00167BA7 /* MockEmptyService.swift */,
				6E6F43D624854BF800949390 /* MockBicService.swift */,
			);
			path = MockService;
			sourceTree = "<group>";
		};
		6E6F43DE248593B700949390 /* Mocks */ = {
			isa = PBXGroup;
			children = (
				6E6F43E0248593D000949390 /* MockService */,
				6E6F43DF248593C400949390 /* MockData */,
			);
			path = Mocks;
			sourceTree = "<group>";
		};
		6E6F43DF248593C400949390 /* MockData */ = {
			isa = PBXGroup;
			children = (
				6E6F43E32485943900949390 /* validation.geojson */,
			);
			path = MockData;
			sourceTree = "<group>";
		};
		6E6F43E0248593D000949390 /* MockService */ = {
			isa = PBXGroup;
			children = (
				6E6F43E22485940500949390 /* MockValidationService.swift */,
			);
			path = MockService;
			sourceTree = "<group>";
		};
		6E7CF78C2484289200A34198 /* Common */ = {
			isa = PBXGroup;
			children = (
				6E97490E2484E77F00F53CAD /* Enumurations */,
				6E97490B2484E27700F53CAD /* Extensions */,
				6E7CF7912484292000A34198 /* ThirdParties */,
				6E7CF78E248428A900A34198 /* ViewControllers */,
				6E7CF78D2484289F00A34198 /* Cells */,
				6EEC1F10241760730096C482 /* UIComponents */,
			);
			path = Common;
			sourceTree = "<group>";
		};
		6E7CF78D2484289F00A34198 /* Cells */ = {
			isa = PBXGroup;
			children = (
				6E24EF9E2418B9F400EE77D4 /* BicsTableViewCell.swift */,
			);
			path = Cells;
			sourceTree = "<group>";
		};
		6E7CF78E248428A900A34198 /* ViewControllers */ = {
			isa = PBXGroup;
			children = (
				6E7CF78F248428D200A34198 /* BaseViewController.swift */,
			);
			path = ViewControllers;
			sourceTree = "<group>";
		};
		6E7CF7912484292000A34198 /* ThirdParties */ = {
			isa = PBXGroup;
			children = (
				6E7CF7922484292000A34198 /* Reachability.swift */,
			);
			path = ThirdParties;
			sourceTree = "<group>";
		};
		6E97490B2484E27700F53CAD /* Extensions */ = {
			isa = PBXGroup;
			children = (
				6E97490C2484E29000F53CAD /* AlertPresentable+Extension.swift */,
				6E9749112484E7B500F53CAD /* String+Extension.swift */,
			);
			path = Extensions;
			sourceTree = "<group>";
		};
		6E97490E2484E77F00F53CAD /* Enumurations */ = {
			isa = PBXGroup;
			children = (
				6E97490F2484E79200F53CAD /* ValidationStatus.swift */,
			);
			path = Enumurations;
			sourceTree = "<group>";
		};
		6E9749132484E8A800F53CAD /* MainController */ = {
			isa = PBXGroup;
			children = (
				6E9749152484E8C500F53CAD /* UnitTests */,
				6E3B56252486712C00167BA7 /* UITests */,
				6E9749142484E8B200F53CAD /* Mocks */,
			);
			path = MainController;
			sourceTree = "<group>";
		};
		6E9749142484E8B200F53CAD /* Mocks */ = {
			isa = PBXGroup;
			children = (
				6E6F43D8248584E000949390 /* MockData */,
				6E6F43DD248593A200949390 /* MockService */,
			);
			path = Mocks;
			sourceTree = "<group>";
		};
		6E9749152484E8C500F53CAD /* UnitTests */ = {
			isa = PBXGroup;
			children = (
				6E9749172484EE1800F53CAD /* MainTests.swift */,
			);
			path = UnitTests;
			sourceTree = "<group>";
		};
		6EEC1F0D241760460096C482 /* SupportingModels */ = {
			isa = PBXGroup;
			children = (
				6EEC1F15241760D30096C482 /* Utility.swift */,
				6EEC1F17241761160096C482 /* SAError.swift */,
			);
			path = SupportingModels;
			sourceTree = "<group>";
		};
		6EEC1F0E241760570096C482 /* Protocols */ = {
			isa = PBXGroup;
			children = (
				6EEC1F24241763C10096C482 /* NetworkService.swift */,
				6EEC1F2E241768550096C482 /* NavigationDelegate.swift */,
				6E9382C3244327C800E5FAA4 /* SearchNavigationDelegate.swift */,
				6E9CC1E6247ED83700CE3C79 /* ValidationNavigationDelegate.swift */,
			);
			path = Protocols;
			sourceTree = "<group>";
		};
		6EEC1F0F241760650096C482 /* Coordinator */ = {
			isa = PBXGroup;
			children = (
				6EEC1F26241766C30096C482 /* Coordinator.swift */,
				6EEC1F28241766EE0096C482 /* MainCoordinator.swift */,
				6EC09074242A08AD007D6C62 /* SearchCoordinator.swift */,
				6E9CC1E4247ED77B00CE3C79 /* ValidationCoordinator.swift */,
			);
			path = Coordinator;
			sourceTree = "<group>";
		};
		6EEC1F10241760730096C482 /* UIComponents */ = {
			isa = PBXGroup;
			children = (
				6E9CC1DA247ECFB300CE3C79 /* RoundedTextField.swift */,
				6E9CC1DC247ECFE700CE3C79 /* SearchFieldView.swift */,
				6E9CC1DE247ED00300CE3C79 /* LeftAlignTextLabel.swift */,
				6E9CC1E8247EE0A400CE3C79 /* SingleFieldValidationView.swift */,
				6E96AEA4248301C800A0F263 /* DoubleFieldValidationView.swift */,
				6E96AEA22482E99B00A0F263 /* ValidationMessageView.swift */,
			);
			path = UIComponents;
			sourceTree = "<group>";
		};
		6EEC1F112417607B0096C482 /* ViewModels */ = {
			isa = PBXGroup;
			children = (
				6E24EFA02418D1EE00EE77D4 /* Controlllers */,
			);
			path = ViewModels;
			sourceTree = "<group>";
		};
		6EEC1F122417608C0096C482 /* Network */ = {
			isa = PBXGroup;
			children = (
				6EEC1F192417618C0096C482 /* Actions */,
				6EEC1F1A241761C40096C482 /* Services */,
				6EEC1F1B241761D30096C482 /* Resources */,
			);
			path = Network;
			sourceTree = "<group>";
		};
		6EEC1F13241760990096C482 /* Models */ = {
			isa = PBXGroup;
			children = (
				6EEC1F302417ACFA0096C482 /* BaseModel.swift */,
				6EEC1F322417AF2F0096C482 /* BicDataModel.swift */,
				6EEC1F342417AF550096C482 /* BicModel.swift */,
				6E9CC1D8247ECF6300CE3C79 /* FilterModel.swift */,
				6E6CCC86248048C6000F9B56 /* SearchBicModel.swift */,
				6E6CCC8824804AB4000F9B56 /* ValidationModel.swift */,
				6E6CCC8A24804B06000F9B56 /* ValidationDataModel.swift */,
				6E96AEA62483078700A0F263 /* DoubleFieldModel.swift */,
			);
			path = Models;
			sourceTree = "<group>";
		};
		6EEC1F14241760A50096C482 /* Controllers */ = {
			isa = PBXGroup;
			children = (
				6EEC1F2A2417673A0096C482 /* MainController.swift */,
				6E24EFA424194B2100EE77D4 /* SearchController.swift */,
				6E9CC1E0247ED5B700CE3C79 /* ValidationController.swift */,
			);
			path = Controllers;
			sourceTree = "<group>";
		};
		6EEC1F192417618C0096C482 /* Actions */ = {
			isa = PBXGroup;
			children = (
				6EEC1F1E2417621F0096C482 /* APIAction.swift */,
				6EEC1F362417B1690096C482 /* SearchBicAction.swift */,
				6E6CCC8E24804BE6000F9B56 /* ValidateAction.swift */,
			);
			path = Actions;
			sourceTree = "<group>";
		};
		6EEC1F1A241761C40096C482 /* Services */ = {
			isa = PBXGroup;
			children = (
				6EEC1F222417638A0096C482 /* BasicNetworkService.swift */,
			);
			path = Services;
			sourceTree = "<group>";
		};
		6EEC1F1B241761D30096C482 /* Resources */ = {
			isa = PBXGroup;
			children = (
				6EEC1F1C241761F70096C482 /* SingleItemResource.swift */,
				6EEC1F202417624F0096C482 /* ArrayResource.swift */,
			);
			path = Resources;
			sourceTree = "<group>";
		};
		A06D5A4D42FA36AEFD2F08C4 /* Pods */ = {
			isa = PBXGroup;
			children = (
				5114A59F7359EA2B1CC35C48 /* Pods-TheBankApp.debug.xcconfig */,
				E2A914EC68E235AB08F48863 /* Pods-TheBankApp.release.xcconfig */,
				CC98DE08742E81BBF8984136 /* Pods-TheBankAppTests.debug.xcconfig */,
				BA15566ACE9A0BCB9B8B071A /* Pods-TheBankAppTests.release.xcconfig */,
			);
			path = Pods;
			sourceTree = "<group>";
		};
		F36B369A73CF6B3ABE2E8097 /* Frameworks */ = {
			isa = PBXGroup;
			children = (
				DED5639211F91A95729E1040 /* Pods_Alzura_CodeTask_Alzura_CodeTaskUITests.framework */,
				4FE9055471984238BF285E59 /* Pods_TheBankApp.framework */,
				1F7FD0D5139E1EAE97D41576 /* Pods_TheBankAppTests.framework */,
			);
			name = Frameworks;
			sourceTree = "<group>";
		};
/* End PBXGroup section */

/* Begin PBXNativeTarget section */
		6E5912422416B80C00F8B87C /* TheBankApp */ = {
			isa = PBXNativeTarget;
			buildConfigurationList = 6E59126B2416B80F00F8B87C /* Build configuration list for PBXNativeTarget "TheBankApp" */;
			buildPhases = (
				B77B1200383F8F27AF445092 /* [CP] Check Pods Manifest.lock */,
				6E59123F2416B80C00F8B87C /* Sources */,
				6E5912402416B80C00F8B87C /* Frameworks */,
				6E5912412416B80C00F8B87C /* Resources */,
				14FB99E08DF4459E230A845C /* [CP] Embed Pods Frameworks */,
				6EE2CC12244C440E008CCB2D /* ShellScript */,
			);
			buildRules = (
			);
			dependencies = (
			);
			name = TheBankApp;
			productName = "Alzura-CodeTask";
			productReference = 6E5912432416B80C00F8B87C /* TheBankApp.app */;
			productType = "com.apple.product-type.application";
		};
		6E5912562416B80F00F8B87C /* TheBankAppTests */ = {
			isa = PBXNativeTarget;
			buildConfigurationList = 6E59126E2416B80F00F8B87C /* Build configuration list for PBXNativeTarget "TheBankAppTests" */;
			buildPhases = (
				A34F0E01DD179CE28577DEA7 /* [CP] Check Pods Manifest.lock */,
				6E5912532416B80F00F8B87C /* Sources */,
				6E5912542416B80F00F8B87C /* Frameworks */,
				6E5912552416B80F00F8B87C /* Resources */,
				8C86B1E76733683CFD1F84D2 /* [CP] Embed Pods Frameworks */,
			);
			buildRules = (
			);
			dependencies = (
				6E5912592416B80F00F8B87C /* PBXTargetDependency */,
			);
			name = TheBankAppTests;
			productName = "Alzura-CodeTaskTests";
			productReference = 6E5912572416B80F00F8B87C /* TheBankAppTests.xctest */;
			productType = "com.apple.product-type.bundle.unit-test";
		};
/* End PBXNativeTarget section */

/* Begin PBXProject section */
		6E59123B2416B80C00F8B87C /* Project object */ = {
			isa = PBXProject;
			attributes = {
				LastSwiftUpdateCheck = 1140;
				LastUpgradeCheck = 1020;
				ORGANIZATIONNAME = "Abdul Basit";
				TargetAttributes = {
					6E5912422416B80C00F8B87C = {
						CreatedOnToolsVersion = 10.2.1;
					};
					6E5912562416B80F00F8B87C = {
						CreatedOnToolsVersion = 10.2.1;
						LastSwiftMigration = 1140;
						TestTargetID = 6E5912422416B80C00F8B87C;
					};
				};
			};
			buildConfigurationList = 6E59123E2416B80C00F8B87C /* Build configuration list for PBXProject "TheBankApp" */;
			compatibilityVersion = "Xcode 9.3";
			developmentRegion = en;
			hasScannedForEncodings = 0;
			knownRegions = (
				en,
				Base,
			);
			mainGroup = 6E59123A2416B80C00F8B87C;
			productRefGroup = 6E5912442416B80C00F8B87C /* Products */;
			projectDirPath = "";
			projectRoot = "";
			targets = (
				6E5912422416B80C00F8B87C /* TheBankApp */,
				6E5912562416B80F00F8B87C /* TheBankAppTests */,
			);
		};
/* End PBXProject section */

/* Begin PBXResourcesBuildPhase section */
		6E5912412416B80C00F8B87C /* Resources */ = {
			isa = PBXResourcesBuildPhase;
			buildActionMask = 2147483647;
			files = (
				6E96AEA12482E7FB00A0F263 /* .swiftlint.yml in Resources */,
				6E5912512416B80F00F8B87C /* LaunchScreen.storyboard in Resources */,
				6E59124E2416B80F00F8B87C /* Assets.xcassets in Resources */,
			);
			runOnlyForDeploymentPostprocessing = 0;
		};
		6E5912552416B80F00F8B87C /* Resources */ = {
			isa = PBXResourcesBuildPhase;
			buildActionMask = 2147483647;
			files = (
				6E6F43E52485955700949390 /* validation.geojson in Resources */,
				6E6F43DC24858C8300949390 /* Bics.geojson in Resources */,
			);
			runOnlyForDeploymentPostprocessing = 0;
		};
/* End PBXResourcesBuildPhase section */

/* Begin PBXShellScriptBuildPhase section */
		14FB99E08DF4459E230A845C /* [CP] Embed Pods Frameworks */ = {
			isa = PBXShellScriptBuildPhase;
			buildActionMask = 2147483647;
			files = (
			);
			inputFileListPaths = (
				"${PODS_ROOT}/Target Support Files/Pods-TheBankApp/Pods-TheBankApp-frameworks-${CONFIGURATION}-input-files.xcfilelist",
			);
			name = "[CP] Embed Pods Frameworks";
			outputFileListPaths = (
				"${PODS_ROOT}/Target Support Files/Pods-TheBankApp/Pods-TheBankApp-frameworks-${CONFIGURATION}-output-files.xcfilelist",
			);
			runOnlyForDeploymentPostprocessing = 0;
			shellPath = /bin/sh;
			shellScript = "\"${PODS_ROOT}/Target Support Files/Pods-TheBankApp/Pods-TheBankApp-frameworks.sh\"\n";
			showEnvVarsInLog = 0;
		};
		6EE2CC12244C440E008CCB2D /* ShellScript */ = {
			isa = PBXShellScriptBuildPhase;
			buildActionMask = 2147483647;
			files = (
			);
			inputFileListPaths = (
			);
			inputPaths = (
			);
			outputFileListPaths = (
			);
			outputPaths = (
			);
			runOnlyForDeploymentPostprocessing = 0;
			shellPath = /bin/sh;
			shellScript = "# Type a script or drag a script file from your workspace to insert its path.\nif which swiftlint >/dev/null; then\n  swiftlint\nelse\n  echo \"warning: SwiftLint not installed, download from https://github.com/realm/SwiftLint\"\nfi\n";
		};
		8C86B1E76733683CFD1F84D2 /* [CP] Embed Pods Frameworks */ = {
			isa = PBXShellScriptBuildPhase;
			buildActionMask = 2147483647;
			files = (
			);
			inputFileListPaths = (
				"${PODS_ROOT}/Target Support Files/Pods-TheBankAppTests/Pods-TheBankAppTests-frameworks-${CONFIGURATION}-input-files.xcfilelist",
			);
			name = "[CP] Embed Pods Frameworks";
			outputFileListPaths = (
				"${PODS_ROOT}/Target Support Files/Pods-TheBankAppTests/Pods-TheBankAppTests-frameworks-${CONFIGURATION}-output-files.xcfilelist",
			);
			runOnlyForDeploymentPostprocessing = 0;
			shellPath = /bin/sh;
			shellScript = "\"${PODS_ROOT}/Target Support Files/Pods-TheBankAppTests/Pods-TheBankAppTests-frameworks.sh\"\n";
			showEnvVarsInLog = 0;
		};
		A34F0E01DD179CE28577DEA7 /* [CP] Check Pods Manifest.lock */ = {
			isa = PBXShellScriptBuildPhase;
			buildActionMask = 2147483647;
			files = (
			);
			inputFileListPaths = (
			);
			inputPaths = (
				"${PODS_PODFILE_DIR_PATH}/Podfile.lock",
				"${PODS_ROOT}/Manifest.lock",
			);
			name = "[CP] Check Pods Manifest.lock";
			outputFileListPaths = (
			);
			outputPaths = (
				"$(DERIVED_FILE_DIR)/Pods-TheBankAppTests-checkManifestLockResult.txt",
			);
			runOnlyForDeploymentPostprocessing = 0;
			shellPath = /bin/sh;
			shellScript = "diff \"${PODS_PODFILE_DIR_PATH}/Podfile.lock\" \"${PODS_ROOT}/Manifest.lock\" > /dev/null\nif [ $? != 0 ] ; then\n    # print error to STDERR\n    echo \"error: The sandbox is not in sync with the Podfile.lock. Run 'pod install' or update your CocoaPods installation.\" >&2\n    exit 1\nfi\n# This output is used by Xcode 'outputs' to avoid re-running this script phase.\necho \"SUCCESS\" > \"${SCRIPT_OUTPUT_FILE_0}\"\n";
			showEnvVarsInLog = 0;
		};
		B77B1200383F8F27AF445092 /* [CP] Check Pods Manifest.lock */ = {
			isa = PBXShellScriptBuildPhase;
			buildActionMask = 2147483647;
			files = (
			);
			inputFileListPaths = (
			);
			inputPaths = (
				"${PODS_PODFILE_DIR_PATH}/Podfile.lock",
				"${PODS_ROOT}/Manifest.lock",
			);
			name = "[CP] Check Pods Manifest.lock";
			outputFileListPaths = (
			);
			outputPaths = (
				"$(DERIVED_FILE_DIR)/Pods-TheBankApp-checkManifestLockResult.txt",
			);
			runOnlyForDeploymentPostprocessing = 0;
			shellPath = /bin/sh;
			shellScript = "diff \"${PODS_PODFILE_DIR_PATH}/Podfile.lock\" \"${PODS_ROOT}/Manifest.lock\" > /dev/null\nif [ $? != 0 ] ; then\n    # print error to STDERR\n    echo \"error: The sandbox is not in sync with the Podfile.lock. Run 'pod install' or update your CocoaPods installation.\" >&2\n    exit 1\nfi\n# This output is used by Xcode 'outputs' to avoid re-running this script phase.\necho \"SUCCESS\" > \"${SCRIPT_OUTPUT_FILE_0}\"\n";
			showEnvVarsInLog = 0;
		};
/* End PBXShellScriptBuildPhase section */

/* Begin PBXSourcesBuildPhase section */
		6E59123F2416B80C00F8B87C /* Sources */ = {
			isa = PBXSourcesBuildPhase;
			buildActionMask = 2147483647;
			files = (
				6E96AEA72483078700A0F263 /* DoubleFieldModel.swift in Sources */,
				6E9CC1E9247EE0A400CE3C79 /* SingleFieldValidationView.swift in Sources */,
				6E6CCC8924804AB4000F9B56 /* ValidationModel.swift in Sources */,
				6EC090732429F9A7007D6C62 /* SearchViewModel.swift in Sources */,
				6EEC1F352417AF550096C482 /* BicModel.swift in Sources */,
				6E9CC1DF247ED00300CE3C79 /* LeftAlignTextLabel.swift in Sources */,
				6E9CC1E3247ED6F700CE3C79 /* ValidationViewModel.swift in Sources */,
				6EEC1F29241766EE0096C482 /* MainCoordinator.swift in Sources */,
				6E9CC1DB247ECFB300CE3C79 /* RoundedTextField.swift in Sources */,
				6E7CF790248428D200A34198 /* BaseViewController.swift in Sources */,
				6E9CC1D9247ECF6300CE3C79 /* FilterModel.swift in Sources */,
				6EEC1F2D241767C40096C482 /* MainViewModel.swift in Sources */,
				6E9749122484E7B500F53CAD /* String+Extension.swift in Sources */,
				6E9CC1E1247ED5B700CE3C79 /* ValidationController.swift in Sources */,
				6EEC1F1D241761F70096C482 /* SingleItemResource.swift in Sources */,
				6E7CF7932484292000A34198 /* Reachability.swift in Sources */,
				6E9749102484E79200F53CAD /* ValidationStatus.swift in Sources */,
				6E9CC1E5247ED77B00CE3C79 /* ValidationCoordinator.swift in Sources */,
				6EEC1F232417638A0096C482 /* BasicNetworkService.swift in Sources */,
				6EEC1F27241766C30096C482 /* Coordinator.swift in Sources */,
				6EEC1F332417AF2F0096C482 /* BicDataModel.swift in Sources */,
				6E96AEA32482E99B00A0F263 /* ValidationMessageView.swift in Sources */,
				6EC09075242A08AD007D6C62 /* SearchCoordinator.swift in Sources */,
				6E3B562D2486746E00167BA7 /* SnapShotTestsConfiguration.swift in Sources */,
				6E6CCC8B24804B06000F9B56 /* ValidationDataModel.swift in Sources */,
				6EEC1F2B2417673A0096C482 /* MainController.swift in Sources */,
				6EEC1F16241760D30096C482 /* Utility.swift in Sources */,
				6E9CC1DD247ECFE700CE3C79 /* SearchFieldView.swift in Sources */,
				6E24EFA524194B2100EE77D4 /* SearchController.swift in Sources */,
				6E96AEA5248301C800A0F263 /* DoubleFieldValidationView.swift in Sources */,
				6E59127F2416BC2500F8B87C /* NetworkConfigurationConstants.swift in Sources */,
				6E6CCC87248048C6000F9B56 /* SearchBicModel.swift in Sources */,
				6EEC1F2F241768550096C482 /* NavigationDelegate.swift in Sources */,
				6EEC1F312417ACFA0096C482 /* BaseModel.swift in Sources */,
				6EEC1F25241763C10096C482 /* NetworkService.swift in Sources */,
				6EEC1F1F2417621F0096C482 /* APIAction.swift in Sources */,
				6E9382C4244327C800E5FAA4 /* SearchNavigationDelegate.swift in Sources */,
				6E24EF9F2418B9F400EE77D4 /* BicsTableViewCell.swift in Sources */,
				6EEC1F18241761160096C482 /* SAError.swift in Sources */,
				6EEC1F212417624F0096C482 /* ArrayResource.swift in Sources */,
				6EEC1F372417B1690096C482 /* SearchBicAction.swift in Sources */,
				6E97490D2484E29000F53CAD /* AlertPresentable+Extension.swift in Sources */,
				6E5912472416B80C00F8B87C /* AppDelegate.swift in Sources */,
				6E6CCC8F24804BE6000F9B56 /* ValidateAction.swift in Sources */,
				6E9CC1E7247ED83700CE3C79 /* ValidationNavigationDelegate.swift in Sources */,
			);
			runOnlyForDeploymentPostprocessing = 0;
		};
		6E5912532416B80F00F8B87C /* Sources */ = {
			isa = PBXSourcesBuildPhase;
			buildActionMask = 2147483647;
			files = (
				6E6F43D724854BF800949390 /* MockBicService.swift in Sources */,
				6E3B56272486718300167BA7 /* MainSnapShotTests.swift in Sources */,
				6E6F43D4248528F500949390 /* SearchTests.swift in Sources */,
				6E6F43E42485955200949390 /* MockValidationService.swift in Sources */,
				6E6F43D12485236D00949390 /* ValidationTests.swift in Sources */,
				6E3B563224867CBC00167BA7 /* SearchSnapShotTests.swift in Sources */,
				6E3B56292486723B00167BA7 /* MockEmptyService.swift in Sources */,
				6E3B562E248675DB00167BA7 /* ValidationSnapShotTests.swift in Sources */,
				6E9749182484EE1800F53CAD /* MainTests.swift in Sources */,
			);
			runOnlyForDeploymentPostprocessing = 0;
		};
/* End PBXSourcesBuildPhase section */

/* Begin PBXTargetDependency section */
		6E5912592416B80F00F8B87C /* PBXTargetDependency */ = {
			isa = PBXTargetDependency;
			target = 6E5912422416B80C00F8B87C /* TheBankApp */;
			targetProxy = 6E5912582416B80F00F8B87C /* PBXContainerItemProxy */;
		};
/* End PBXTargetDependency section */

/* Begin PBXVariantGroup section */
		6E59124F2416B80F00F8B87C /* LaunchScreen.storyboard */ = {
			isa = PBXVariantGroup;
			children = (
				6E5912502416B80F00F8B87C /* Base */,
			);
			name = LaunchScreen.storyboard;
			sourceTree = "<group>";
		};
/* End PBXVariantGroup section */

/* Begin XCBuildConfiguration section */
		6E5912692416B80F00F8B87C /* Debug */ = {
			isa = XCBuildConfiguration;
			buildSettings = {
				ALWAYS_SEARCH_USER_PATHS = NO;
				CLANG_ANALYZER_NONNULL = YES;
				CLANG_ANALYZER_NUMBER_OBJECT_CONVERSION = YES_AGGRESSIVE;
				CLANG_CXX_LANGUAGE_STANDARD = "gnu++14";
				CLANG_CXX_LIBRARY = "libc++";
				CLANG_ENABLE_MODULES = YES;
				CLANG_ENABLE_OBJC_ARC = YES;
				CLANG_ENABLE_OBJC_WEAK = YES;
				CLANG_WARN_BLOCK_CAPTURE_AUTORELEASING = YES;
				CLANG_WARN_BOOL_CONVERSION = YES;
				CLANG_WARN_COMMA = YES;
				CLANG_WARN_CONSTANT_CONVERSION = YES;
				CLANG_WARN_DEPRECATED_OBJC_IMPLEMENTATIONS = YES;
				CLANG_WARN_DIRECT_OBJC_ISA_USAGE = YES_ERROR;
				CLANG_WARN_DOCUMENTATION_COMMENTS = YES;
				CLANG_WARN_EMPTY_BODY = YES;
				CLANG_WARN_ENUM_CONVERSION = YES;
				CLANG_WARN_INFINITE_RECURSION = YES;
				CLANG_WARN_INT_CONVERSION = YES;
				CLANG_WARN_NON_LITERAL_NULL_CONVERSION = YES;
				CLANG_WARN_OBJC_IMPLICIT_RETAIN_SELF = YES;
				CLANG_WARN_OBJC_LITERAL_CONVERSION = YES;
				CLANG_WARN_OBJC_ROOT_CLASS = YES_ERROR;
				CLANG_WARN_RANGE_LOOP_ANALYSIS = YES;
				CLANG_WARN_STRICT_PROTOTYPES = YES;
				CLANG_WARN_SUSPICIOUS_MOVE = YES;
				CLANG_WARN_UNGUARDED_AVAILABILITY = YES_AGGRESSIVE;
				CLANG_WARN_UNREACHABLE_CODE = YES;
				CLANG_WARN__DUPLICATE_METHOD_MATCH = YES;
				CODE_SIGN_IDENTITY = "iPhone Developer";
				COPY_PHASE_STRIP = NO;
				DEBUG_INFORMATION_FORMAT = dwarf;
				ENABLE_STRICT_OBJC_MSGSEND = YES;
				ENABLE_TESTABILITY = YES;
				GCC_C_LANGUAGE_STANDARD = gnu11;
				GCC_DYNAMIC_NO_PIC = NO;
				GCC_NO_COMMON_BLOCKS = YES;
				GCC_OPTIMIZATION_LEVEL = 0;
				GCC_PREPROCESSOR_DEFINITIONS = (
					"DEBUG=1",
					"$(inherited)",
				);
				GCC_WARN_64_TO_32_BIT_CONVERSION = YES;
				GCC_WARN_ABOUT_RETURN_TYPE = YES_ERROR;
				GCC_WARN_UNDECLARED_SELECTOR = YES;
				GCC_WARN_UNINITIALIZED_AUTOS = YES_AGGRESSIVE;
				GCC_WARN_UNUSED_FUNCTION = YES;
				GCC_WARN_UNUSED_VARIABLE = YES;
				IPHONEOS_DEPLOYMENT_TARGET = 12.2;
				MTL_ENABLE_DEBUG_INFO = INCLUDE_SOURCE;
				MTL_FAST_MATH = YES;
				ONLY_ACTIVE_ARCH = YES;
				SDKROOT = iphoneos;
				SWIFT_ACTIVE_COMPILATION_CONDITIONS = DEBUG;
				SWIFT_OPTIMIZATION_LEVEL = "-Onone";
			};
			name = Debug;
		};
		6E59126A2416B80F00F8B87C /* Release */ = {
			isa = XCBuildConfiguration;
			buildSettings = {
				ALWAYS_SEARCH_USER_PATHS = NO;
				CLANG_ANALYZER_NONNULL = YES;
				CLANG_ANALYZER_NUMBER_OBJECT_CONVERSION = YES_AGGRESSIVE;
				CLANG_CXX_LANGUAGE_STANDARD = "gnu++14";
				CLANG_CXX_LIBRARY = "libc++";
				CLANG_ENABLE_MODULES = YES;
				CLANG_ENABLE_OBJC_ARC = YES;
				CLANG_ENABLE_OBJC_WEAK = YES;
				CLANG_WARN_BLOCK_CAPTURE_AUTORELEASING = YES;
				CLANG_WARN_BOOL_CONVERSION = YES;
				CLANG_WARN_COMMA = YES;
				CLANG_WARN_CONSTANT_CONVERSION = YES;
				CLANG_WARN_DEPRECATED_OBJC_IMPLEMENTATIONS = YES;
				CLANG_WARN_DIRECT_OBJC_ISA_USAGE = YES_ERROR;
				CLANG_WARN_DOCUMENTATION_COMMENTS = YES;
				CLANG_WARN_EMPTY_BODY = YES;
				CLANG_WARN_ENUM_CONVERSION = YES;
				CLANG_WARN_INFINITE_RECURSION = YES;
				CLANG_WARN_INT_CONVERSION = YES;
				CLANG_WARN_NON_LITERAL_NULL_CONVERSION = YES;
				CLANG_WARN_OBJC_IMPLICIT_RETAIN_SELF = YES;
				CLANG_WARN_OBJC_LITERAL_CONVERSION = YES;
				CLANG_WARN_OBJC_ROOT_CLASS = YES_ERROR;
				CLANG_WARN_RANGE_LOOP_ANALYSIS = YES;
				CLANG_WARN_STRICT_PROTOTYPES = YES;
				CLANG_WARN_SUSPICIOUS_MOVE = YES;
				CLANG_WARN_UNGUARDED_AVAILABILITY = YES_AGGRESSIVE;
				CLANG_WARN_UNREACHABLE_CODE = YES;
				CLANG_WARN__DUPLICATE_METHOD_MATCH = YES;
				CODE_SIGN_IDENTITY = "iPhone Developer";
				COPY_PHASE_STRIP = NO;
				DEBUG_INFORMATION_FORMAT = "dwarf-with-dsym";
				ENABLE_NS_ASSERTIONS = NO;
				ENABLE_STRICT_OBJC_MSGSEND = YES;
				GCC_C_LANGUAGE_STANDARD = gnu11;
				GCC_NO_COMMON_BLOCKS = YES;
				GCC_WARN_64_TO_32_BIT_CONVERSION = YES;
				GCC_WARN_ABOUT_RETURN_TYPE = YES_ERROR;
				GCC_WARN_UNDECLARED_SELECTOR = YES;
				GCC_WARN_UNINITIALIZED_AUTOS = YES_AGGRESSIVE;
				GCC_WARN_UNUSED_FUNCTION = YES;
				GCC_WARN_UNUSED_VARIABLE = YES;
				IPHONEOS_DEPLOYMENT_TARGET = 12.2;
				MTL_ENABLE_DEBUG_INFO = NO;
				MTL_FAST_MATH = YES;
				SDKROOT = iphoneos;
				SWIFT_COMPILATION_MODE = wholemodule;
				SWIFT_OPTIMIZATION_LEVEL = "-O";
				VALIDATE_PRODUCT = YES;
			};
			name = Release;
		};
		6E59126C2416B80F00F8B87C /* Debug */ = {
			isa = XCBuildConfiguration;
			baseConfigurationReference = 5114A59F7359EA2B1CC35C48 /* Pods-TheBankApp.debug.xcconfig */;
			buildSettings = {
				ASSETCATALOG_COMPILER_APPICON_NAME = AppIcon;
				CODE_SIGN_STYLE = Automatic;
				INFOPLIST_FILE = TheBankApp/Info.plist;
				IPHONEOS_DEPLOYMENT_TARGET = 13.0;
				LD_RUNPATH_SEARCH_PATHS = (
					"$(inherited)",
					"@executable_path/Frameworks",
				);
				PRODUCT_BUNDLE_IDENTIFIER = "com.saitow.Alzura-CodeTask.Alzura-CodeTask";
				PRODUCT_NAME = "$(TARGET_NAME)";
				SWIFT_VERSION = 5.0;
				TARGETED_DEVICE_FAMILY = "1,2";
			};
			name = Debug;
		};
		6E59126D2416B80F00F8B87C /* Release */ = {
			isa = XCBuildConfiguration;
			baseConfigurationReference = E2A914EC68E235AB08F48863 /* Pods-TheBankApp.release.xcconfig */;
			buildSettings = {
				ASSETCATALOG_COMPILER_APPICON_NAME = AppIcon;
				CODE_SIGN_STYLE = Automatic;
				INFOPLIST_FILE = TheBankApp/Info.plist;
				IPHONEOS_DEPLOYMENT_TARGET = 13.0;
				LD_RUNPATH_SEARCH_PATHS = (
					"$(inherited)",
					"@executable_path/Frameworks",
				);
				PRODUCT_BUNDLE_IDENTIFIER = "com.saitow.Alzura-CodeTask.Alzura-CodeTask";
				PRODUCT_NAME = "$(TARGET_NAME)";
				SWIFT_VERSION = 5.0;
				TARGETED_DEVICE_FAMILY = "1,2";
			};
			name = Release;
		};
		6E59126F2416B80F00F8B87C /* Debug */ = {
			isa = XCBuildConfiguration;
			baseConfigurationReference = CC98DE08742E81BBF8984136 /* Pods-TheBankAppTests.debug.xcconfig */;
			buildSettings = {
				ALWAYS_EMBED_SWIFT_STANDARD_LIBRARIES = YES;
				BUNDLE_LOADER = "$(TEST_HOST)";
				CLANG_ENABLE_MODULES = YES;
				CODE_SIGN_STYLE = Automatic;
				INFOPLIST_FILE = TheBankAppTests/Info.plist;
				IPHONEOS_DEPLOYMENT_TARGET = 13.0;
				LD_RUNPATH_SEARCH_PATHS = (
					"$(inherited)",
					"@executable_path/Frameworks",
					"@loader_path/Frameworks",
				);
				PRODUCT_BUNDLE_IDENTIFIER = "com.saitow.Alzura-CodeTask.Alzura-CodeTaskTests";
				PRODUCT_NAME = "$(TARGET_NAME)";
				SWIFT_OPTIMIZATION_LEVEL = "-Onone";
				SWIFT_VERSION = 5.0;
				TARGETED_DEVICE_FAMILY = "1,2";
				TEST_HOST = "$(BUILT_PRODUCTS_DIR)/TheBankApp.app/TheBankApp";
			};
			name = Debug;
		};
		6E5912702416B80F00F8B87C /* Release */ = {
			isa = XCBuildConfiguration;
			baseConfigurationReference = BA15566ACE9A0BCB9B8B071A /* Pods-TheBankAppTests.release.xcconfig */;
			buildSettings = {
				ALWAYS_EMBED_SWIFT_STANDARD_LIBRARIES = YES;
				BUNDLE_LOADER = "$(TEST_HOST)";
				CLANG_ENABLE_MODULES = YES;
				CODE_SIGN_STYLE = Automatic;
				INFOPLIST_FILE = TheBankAppTests/Info.plist;
				IPHONEOS_DEPLOYMENT_TARGET = 13.0;
				LD_RUNPATH_SEARCH_PATHS = (
					"$(inherited)",
					"@executable_path/Frameworks",
					"@loader_path/Frameworks",
				);
				PRODUCT_BUNDLE_IDENTIFIER = "com.saitow.Alzura-CodeTask.Alzura-CodeTaskTests";
				PRODUCT_NAME = "$(TARGET_NAME)";
				SWIFT_VERSION = 5.0;
				TARGETED_DEVICE_FAMILY = "1,2";
				TEST_HOST = "$(BUILT_PRODUCTS_DIR)/TheBankApp.app/TheBankApp";
			};
			name = Release;
		};
/* End XCBuildConfiguration section */

/* Begin XCConfigurationList section */
		6E59123E2416B80C00F8B87C /* Build configuration list for PBXProject "TheBankApp" */ = {
			isa = XCConfigurationList;
			buildConfigurations = (
				6E5912692416B80F00F8B87C /* Debug */,
				6E59126A2416B80F00F8B87C /* Release */,
			);
			defaultConfigurationIsVisible = 0;
			defaultConfigurationName = Release;
		};
		6E59126B2416B80F00F8B87C /* Build configuration list for PBXNativeTarget "TheBankApp" */ = {
			isa = XCConfigurationList;
			buildConfigurations = (
				6E59126C2416B80F00F8B87C /* Debug */,
				6E59126D2416B80F00F8B87C /* Release */,
			);
			defaultConfigurationIsVisible = 0;
			defaultConfigurationName = Release;
		};
		6E59126E2416B80F00F8B87C /* Build configuration list for PBXNativeTarget "TheBankAppTests" */ = {
			isa = XCConfigurationList;
			buildConfigurations = (
				6E59126F2416B80F00F8B87C /* Debug */,
				6E5912702416B80F00F8B87C /* Release */,
			);
			defaultConfigurationIsVisible = 0;
			defaultConfigurationName = Release;
		};
/* End XCConfigurationList section */
	};
	rootObject = 6E59123B2416B80C00F8B87C /* Project object */;
}
